
Microsoft Visual Studio Solution File, Format Version 12.00
# Visual Studio Version 16
VisualStudioVersion = 16.0.30225.117
MinimumVisualStudioVersion = 10.0.40219.1
Project("{9A19103F-16F7-4668-BE54-9A1E7A4F7556}") = "July7Examples", "July7Examples\July7Examples.csproj", "{CA6FBADC-3298-41B0-B070-C4AA1C48393C}"
EndProject
Project("{9A19103F-16F7-4668-BE54-9A1E7A4F7556}") = "July9Examples", "July9Examples\July9Examples.csproj", "{023A11D1-CD86-460B-ABBA-386799132CEF}"
EndProject
Project("{9A19103F-16F7-4668-BE54-9A1E7A4F7556}") = "July13Examples", "July13Examples\July13Examples.csproj", "{D19D3349-AC1A-477E-80B4-B4B3B87D34BC}"
EndProject
Project("{9A19103F-16F7-4668-BE54-9A1E7A4F7556}") = "July15Examples", "July15Examples\July15Examples.csproj", "{43A4D262-00AB-4FE6-A865-5F43EB64AF97}"
EndProject
Project("{9A19103F-16F7-4668-BE54-9A1E7A4F7556}") = "July16Examples", "July16Examples\July16Examples.csproj", "{9F9E4EE6-1FFF-4E71-810D-87449B4F3F07}"
EndProject
Project("{9A19103F-16F7-4668-BE54-9A1E7A4F7556}") = "July20thTestingExamples", "July20thTestingExamples\July20thTestingExamples.csproj", "{3E1E75FD-EEAB-4DA3-9D65-5D33B9B52DD9}"
EndProject
Project("{9A19103F-16F7-4668-BE54-9A1E7A4F7556}") = "Assessment1a", "AssessmentOneReview\Assessment1a.csproj", "{F77EB69E-78BB-410D-988F-A7377E08B9E1}"
EndProject
Project("{9A19103F-16F7-4668-BE54-9A1E7A4F7556}") = "July23ArrayExamples", "July23ArrayExamples\July23ArrayExamples.csproj", "{6D5B22D3-5964-48CC-80F2-26D364CDF105}"
EndProject
Project("{9A19103F-16F7-4668-BE54-9A1E7A4F7556}") = "July27thExamples", "July27thExamples\July27thExamples.csproj", "{5EC94DBB-A3DA-4CB1-8B40-6CD023CAD20C}"
EndProject
Project("{9A19103F-16F7-4668-BE54-9A1E7A4F7556}") = "July29Examples", "July29Examples\July29Examples.csproj", "{4C56DAFF-6E86-44E8-BC26-343D89151080}"
EndProject
Project("{9A19103F-16F7-4668-BE54-9A1E7A4F7556}") = "July30Examples", "July30Examples\July30Examples.csproj", "{35A172CE-1BA2-46EF-9B74-4C4A4011EB35}"
EndProject
Project("{9A19103F-16F7-4668-BE54-9A1E7A4F7556}") = "August3Examples", "August8Examples\August3Examples.csproj", "{23D334FA-ACD4-4444-B419-B3D67E19CFA2}"
EndProject
Project("{FAE04EC0-301F-11D3-BF4B-00C04F79EFBC}") = "August5Examples", "August5Examples\August5Examples.csproj", "{81FBA8CB-E7A8-4323-AB8C-2DF8CA1FFFCC}"
EndProject
Global
	GlobalSection(SolutionConfigurationPlatforms) = preSolution
		Debug|Any CPU = Debug|Any CPU
		Release|Any CPU = Release|Any CPU
	EndGlobalSection
	GlobalSection(ProjectConfigurationPlatforms) = postSolution
		{CA6FBADC-3298-41B0-B070-C4AA1C48393C}.Debug|Any CPU.ActiveCfg = Debug|Any CPU
		{CA6FBADC-3298-41B0-B070-C4AA1C48393C}.Debug|Any CPU.Build.0 = Debug|Any CPU
		{CA6FBADC-3298-41B0-B070-C4AA1C48393C}.Release|Any CPU.ActiveCfg = Release|Any CPU
		{CA6FBADC-3298-41B0-B070-C4AA1C48393C}.Release|Any CPU.Build.0 = Release|Any CPU
		{023A11D1-CD86-460B-ABBA-386799132CEF}.Debug|Any CPU.ActiveCfg = Debug|Any CPU
		{023A11D1-CD86-460B-ABBA-386799132CEF}.Debug|Any CPU.Build.0 = Debug|Any CPU
		{023A11D1-CD86-460B-ABBA-386799132CEF}.Release|Any CPU.ActiveCfg = Release|Any CPU
		{023A11D1-CD86-460B-ABBA-386799132CEF}.Release|Any CPU.Build.0 = Release|Any CPU
		{D19D3349-AC1A-477E-80B4-B4B3B87D34BC}.Debug|Any CPU.ActiveCfg = Debug|Any CPU
		{D19D3349-AC1A-477E-80B4-B4B3B87D34BC}.Debug|Any CPU.Build.0 = Debug|Any CPU
		{D19D3349-AC1A-477E-80B4-B4B3B87D34BC}.Release|Any CPU.ActiveCfg = Release|Any CPU
		{D19D3349-AC1A-477E-80B4-B4B3B87D34BC}.Release|Any CPU.Build.0 = Release|Any CPU
		{43A4D262-00AB-4FE6-A865-5F43EB64AF97}.Debug|Any CPU.ActiveCfg = Debug|Any CPU
		{43A4D262-00AB-4FE6-A865-5F43EB64AF97}.Debug|Any CPU.Build.0 = Debug|Any CPU
		{43A4D262-00AB-4FE6-A865-5F43EB64AF97}.Release|Any CPU.ActiveCfg = Release|Any CPU
		{43A4D262-00AB-4FE6-A865-5F43EB64AF97}.Release|Any CPU.Build.0 = Release|Any CPU
		{9F9E4EE6-1FFF-4E71-810D-87449B4F3F07}.Debug|Any CPU.ActiveCfg = Debug|Any CPU
		{9F9E4EE6-1FFF-4E71-810D-87449B4F3F07}.Debug|Any CPU.Build.0 = Debug|Any CPU
		{9F9E4EE6-1FFF-4E71-810D-87449B4F3F07}.Release|Any CPU.ActiveCfg = Release|Any CPU
		{9F9E4EE6-1FFF-4E71-810D-87449B4F3F07}.Release|Any CPU.Build.0 = Release|Any CPU
		{3E1E75FD-EEAB-4DA3-9D65-5D33B9B52DD9}.Debug|Any CPU.ActiveCfg = Debug|Any CPU
		{3E1E75FD-EEAB-4DA3-9D65-5D33B9B52DD9}.Debug|Any CPU.Build.0 = Debug|Any CPU
		{3E1E75FD-EEAB-4DA3-9D65-5D33B9B52DD9}.Release|Any CPU.ActiveCfg = Release|Any CPU
		{3E1E75FD-EEAB-4DA3-9D65-5D33B9B52DD9}.Release|Any CPU.Build.0 = Release|Any CPU
		{F77EB69E-78BB-410D-988F-A7377E08B9E1}.Debug|Any CPU.ActiveCfg = Debug|Any CPU
		{F77EB69E-78BB-410D-988F-A7377E08B9E1}.Debug|Any CPU.Build.0 = Debug|Any CPU
		{F77EB69E-78BB-410D-988F-A7377E08B9E1}.Release|Any CPU.ActiveCfg = Release|Any CPU
		{F77EB69E-78BB-410D-988F-A7377E08B9E1}.Release|Any CPU.Build.0 = Release|Any CPU
		{6D5B22D3-5964-48CC-80F2-26D364CDF105}.Debug|Any CPU.ActiveCfg = Debug|Any CPU
		{6D5B22D3-5964-48CC-80F2-26D364CDF105}.Debug|Any CPU.Build.0 = Debug|Any CPU
		{6D5B22D3-5964-48CC-80F2-26D364CDF105}.Release|Any CPU.ActiveCfg = Release|Any CPU
		{6D5B22D3-5964-48CC-80F2-26D364CDF105}.Release|Any CPU.Build.0 = Release|Any CPU
		{5EC94DBB-A3DA-4CB1-8B40-6CD023CAD20C}.Debug|Any CPU.ActiveCfg = Debug|Any CPU
		{5EC94DBB-A3DA-4CB1-8B40-6CD023CAD20C}.Debug|Any CPU.Build.0 = Debug|Any CPU
		{5EC94DBB-A3DA-4CB1-8B40-6CD023CAD20C}.Release|Any CPU.ActiveCfg = Release|Any CPU
		{5EC94DBB-A3DA-4CB1-8B40-6CD023CAD20C}.Release|Any CPU.Build.0 = Release|Any CPU
		{4C56DAFF-6E86-44E8-BC26-343D89151080}.Debug|Any CPU.ActiveCfg = Debug|Any CPU
		{4C56DAFF-6E86-44E8-BC26-343D89151080}.Debug|Any CPU.Build.0 = Debug|Any CPU
		{4C56DAFF-6E86-44E8-BC26-343D89151080}.Release|Any CPU.ActiveCfg = Release|Any CPU
		{4C56DAFF-6E86-44E8-BC26-343D89151080}.Release|Any CPU.Build.0 = Release|Any CPU
		{35A172CE-1BA2-46EF-9B74-4C4A4011EB35}.Debug|Any CPU.ActiveCfg = Debug|Any CPU
		{35A172CE-1BA2-46EF-9B74-4C4A4011EB35}.Debug|Any CPU.Build.0 = Debug|Any CPU
		{35A172CE-1BA2-46EF-9B74-4C4A4011EB35}.Release|Any CPU.ActiveCfg = Release|Any CPU
		{35A172CE-1BA2-46EF-9B74-4C4A4011EB35}.Release|Any CPU.Build.0 = Release|Any CPU
		{23D334FA-ACD4-4444-B419-B3D67E19CFA2}.Debug|Any CPU.ActiveCfg = Debug|Any CPU
		{23D334FA-ACD4-4444-B419-B3D67E19CFA2}.Debug|Any CPU.Build.0 = Debug|Any CPU
		{23D334FA-ACD4-4444-B419-B3D67E19CFA2}.Release|Any CPU.ActiveCfg = Release|Any CPU
		{23D334FA-ACD4-4444-B419-B3D67E19CFA2}.Release|Any CPU.Build.0 = Release|Any CPU
		{81FBA8CB-E7A8-4323-AB8C-2DF8CA1FFFCC}.Debug|Any CPU.ActiveCfg = Debug|Any CPU
		{81FBA8CB-E7A8-4323-AB8C-2DF8CA1FFFCC}.Debug|Any CPU.Build.0 = Debug|Any CPU
		{81FBA8CB-E7A8-4323-AB8C-2DF8CA1FFFCC}.Release|Any CPU.ActiveCfg = Release|Any CPU
		{81FBA8CB-E7A8-4323-AB8C-2DF8CA1FFFCC}.Release|Any CPU.Build.0 = Release|Any CPU
	EndGlobalSection
	GlobalSection(SolutionProperties) = preSolution
		HideSolutionNode = FALSE
	EndGlobalSection
	GlobalSection(ExtensibilityGlobals) = postSolution
		SolutionGuid = {36DADC0B-4A1A-4051-A136-F0640B00686B}
	EndGlobalSection
EndGlobal
