
Microsoft Visual Studio Solution File, Format Version 12.00
# Visual Studio Version 16
VisualStudioVersion = 16.0.30225.117
MinimumVisualStudioVersion = 10.0.40219.1
Project("{FAE04EC0-301F-11D3-BF4B-00C04F79EFBC}") = "July7Examples", "July7Examples\July7Examples.csproj", "{CA6FBADC-3298-41B0-B070-C4AA1C48393C}"
EndProject
Global
	GlobalSection(SolutionConfigurationPlatforms) = preSolution
		Debug|Any CPU = Debug|Any CPU
		Release|Any CPU = Release|Any CPU
	EndGlobalSection
	GlobalSection(ProjectConfigurationPlatforms) = postSolution
		{CA6FBADC-3298-41B0-B070-C4AA1C48393C}.Debug|Any CPU.ActiveCfg = Debug|Any CPU
		{CA6FBADC-3298-41B0-B070-C4AA1C48393C}.Debug|Any CPU.Build.0 = Debug|Any CPU
		{CA6FBADC-3298-41B0-B070-C4AA1C48393C}.Release|Any CPU.ActiveCfg = Release|Any CPU
		{CA6FBADC-3298-41B0-B070-C4AA1C48393C}.Release|Any CPU.Build.0 = Release|Any CPU
	EndGlobalSection
	GlobalSection(SolutionProperties) = preSolution
		HideSolutionNode = FALSE
	EndGlobalSection
	GlobalSection(ExtensibilityGlobals) = postSolution
		SolutionGuid = {36DADC0B-4A1A-4051-A136-F0640B00686B}
	EndGlobalSection
EndGlobal
